Microsoft Visual Studio Solution File, Format Version 11.00
# Visual Studio 2008

Project("{E25C842F-313C-81C2-FB74-9441C93A63BD}") = "Komrade", "Assembly-CSharp-firstpass.csproj", "{B8D41E42-C352-2823-11F3-3CCA6378908B}"
EndProject
Project("{E25C842F-313C-81C2-FB74-9441C93A63BD}") = "Komrade", "Assembly-CSharp.csproj", "{3B0C2C69-E4C5-E09F-A38F-951AFAB03A6B}"
EndProject
Project("{E25C842F-313C-81C2-FB74-9441C93A63BD}") = "Komrade", "Assembly-UnityScript-firstpass.unityproj", "{679C8C89-223C-E51D-5CA7-0ECDBBE6462B}"
EndProject
Global
	GlobalSection(SolutionConfigurationPlatforms) = preSolution
		Debug|Any CPU = Debug|Any CPU
		Release|Any CPU = Release|Any CPU
	EndGlobalSection
	GlobalSection(ProjectConfigurationPlatforms) = postSolution
		{B8D41E42-C352-2823-11F3-3CCA6378908B}.Debug|Any CPU.ActiveCfg = Debug|Any CPU
		{B8D41E42-C352-2823-11F3-3CCA6378908B}.Debug|Any CPU.Build.0 = Debug|Any CPU
		{B8D41E42-C352-2823-11F3-3CCA6378908B}.Release|Any CPU.ActiveCfg = Release|Any CPU
		{B8D41E42-C352-2823-11F3-3CCA6378908B}.Release|Any CPU.Build.0 = Release|Any CPU
		{3B0C2C69-E4C5-E09F-A38F-951AFAB03A6B}.Debug|Any CPU.ActiveCfg = Debug|Any CPU
		{3B0C2C69-E4C5-E09F-A38F-951AFAB03A6B}.Debug|Any CPU.Build.0 = Debug|Any CPU
		{3B0C2C69-E4C5-E09F-A38F-951AFAB03A6B}.Release|Any CPU.ActiveCfg = Release|Any CPU
		{3B0C2C69-E4C5-E09F-A38F-951AFAB03A6B}.Release|Any CPU.Build.0 = Release|Any CPU
		{679C8C89-223C-E51D-5CA7-0ECDBBE6462B}.Debug|Any CPU.ActiveCfg = Debug|Any CPU
		{679C8C89-223C-E51D-5CA7-0ECDBBE6462B}.Debug|Any CPU.Build.0 = Debug|Any CPU
		{679C8C89-223C-E51D-5CA7-0ECDBBE6462B}.Release|Any CPU.ActiveCfg = Release|Any CPU
		{679C8C89-223C-E51D-5CA7-0ECDBBE6462B}.Release|Any CPU.Build.0 = Release|Any CPU
	EndGlobalSection
	GlobalSection(SolutionProperties) = preSolution
		HideSolutionNode = FALSE
	EndGlobalSection
														GlobalSection(MonoDevelopProperties) = preSolution
		StartupItem = Assembly-CSharp.csproj
		Policies = $0
		$0.TextStylePolicy = $1
		$1.inheritsSet = null
		$1.scope = text/x-csharp
		$0.CSharpFormattingPolicy = $2
		$2.inheritsSet = Mono
		$2.inheritsScope = text/x-csharp
		$2.scope = text/x-csharp
		$0.TextStylePolicy = $3
		$3.FileWidth = 120
		$3.TabWidth = 4
		$3.EolMarker = Unix
		$3.inheritsSet = Mono
		$3.inheritsScope = text/plain
		$3.scope = text/plain
	EndGlobalSection

EndGlobal
